hash: ce9170dcee29e79c9173c6a0cc64509f1c0007f1e0e1a0969db02fadbac51438
updated: 2018-04-03T11:49:22.219877644-03:00
imports:
- name: github.com/armon/go-metrics
  version: 783273d703149aaeb9897cf58613d5af48861c25
- name: github.com/asaskevich/govalidator
  version: ccb8e960c48f04d6935e72476ae4a51028f9e22f
- name: github.com/bradfitz/gomemcache
  version: 1952afaa557dc08e8e0d89eafab110fb501c1a2b
  subpackages:
  - memcache
- name: github.com/BurntSushi/toml
  version: a368813c5e648fee92e5f6c30e3944ff9d5e8895
- name: github.com/gocql/gocql
  version: 12e3a8c05db483441932e84ab6c35c339fb01de7
  subpackages:
  - internal/lru
  - internal/murmur
  - internal/streams
- name: github.com/golang/protobuf
  version: 925541529c1fa6821df4e44ce2723319eb2be768
  subpackages:
  - proto
  - ptypes
  - ptypes/any
  - ptypes/duration
  - ptypes/timestamp
- name: github.com/golang/snappy
  version: 553a641470496b2327abcac10b36396bd98e45c9
- name: github.com/hailocab/go-hostpool
  version: e80d13ce29ede4452c43dea11e79b9bc8a15b478
- name: github.com/hashicorp/consul
  version: c95bc277cbbb782ee6579e25627f666589a672b3
  subpackages:
  - api
- name: github.com/hashicorp/go-cleanhttp
  version: d5fe4b57a186c716b0e00b8c301cbd9b4182694d
- name: github.com/hashicorp/go-immutable-radix
  version: 7f3cd4390caab3250a57f30efdb2a65dd7649ecf
- name: github.com/hashicorp/go-rootcerts
  version: 6bb64b370b90e7ef1fa532be9e591a81c3493e00
- name: github.com/hashicorp/golang-lru
  version: 0fb14efe8c47ae851c0034ed7a448854d3d34cf3
  subpackages:
  - simplelru
- name: github.com/hashicorp/serf
  version: 3b250ce4404edb266330f53fcfc8ad0d0dacfae7
  subpackages:
  - coordinate
- name: github.com/julienschmidt/httprouter
  version: 8c199fb6259ffc1af525cc3ad52ee60ba8359669
- name: github.com/mitchellh/go-homedir
  version: b8bc1bf767474819792c23f32d8286a45736f1c6
- name: github.com/pborman/uuid
  version: e790cca94e6cc75c7064b1332e63811d4aae1a53
- name: github.com/robfig/cron
  version: 2315d5715e36303a941d907f038da7f7c44c773b
- name: github.com/uol/gobol
  version: fb7448687a91ee372f5fb3bf7fb41b28db8d9adb
  subpackages:
  - cassandra
  - loader
  - rip
  - rubber
  - saw
  - snitch
- name: go.uber.org/atomic
  version: 8474b86a5a6f79c443ce4b2992817ff32cf208b8
- name: go.uber.org/multierr
  version: 3c4937480c32f4c13a875a1829af76c98ca3d40a
- name: go.uber.org/zap
  version: 35aad584952c3e7020db7b839f6b102de6271f89
  subpackages:
  - buffer
  - internal/bufferpool
  - internal/color
  - internal/exit
  - zapcore
- name: golang.org/x/net
  version: b68f30494add4df6bd8ef5e82803f308e7f7c59c
  subpackages:
  - context
  - http2
  - http2/hpack
  - idna
  - internal/timeseries
  - lex/httplex
  - trace
- name: golang.org/x/text
  version: ece95c760240037f89ebcbdd7155ac8cb52e38fa
  subpackages:
  - secure/bidirule
  - transform
  - unicode/bidi
  - unicode/norm
- name: google.golang.org/genproto
  version: ab0870e398d5dd054b868c0db1481ab029b9a9f2
  subpackages:
  - googleapis/rpc/status
- name: google.golang.org/grpc
  version: 1e2570b1b19ade82d8dbb31bba4e65e9f9ef5b34
  subpackages:
  - balancer
  - balancer/base
  - balancer/roundrobin
  - codes
  - connectivity
  - credentials
  - encoding
  - encoding/proto
  - grpclb/grpc_lb_v1/messages
  - grpclog
  - internal
  - keepalive
  - metadata
  - naming
  - peer
  - resolver
  - resolver/dns
  - resolver/passthrough
  - stats
  - status
  - tap
  - transport
- name: gopkg.in/inf.v0
  version: d2d2541c53f18d2a059457998ce2876cc8e67cbf
- name: gopkg.in/robfig/cron.v2
  version: b024fc5ea0e34bc3f83d9941c8d60b0622bfaca4
- name: gopkg.in/yaml.v2
  version: 5420a8b6744d3b0345ab293f6fcba19c978f1183
testImports:
- name: github.com/davecgh/go-spew
  version: 8991bc29aa16c548c550c7ff78260e27b9ab7c73
  subpackages:
  - spew
- name: github.com/pmezard/go-difflib
  version: 792786c7400a136282c1664665ae0a8db921c6c2
  subpackages:
  - difflib
- name: github.com/stretchr/testify
  version: 12b6f73e6084dad08a7c6e575284b177ecafbc71
  subpackages:
  - assert
