github.com/BurntSushi/toml v0.3.1 h1:WXkYYl6Yr3qBf1K79EBnL4mak0OimBfB0XUf9Vl28OQ=
github.com/BurntSushi/toml v0.3.1/go.mod h1:xHWCNGjB5oqiDr8zfno3MHue2Ht5sIBksp03qcyfWMU=
github.com/Pallinder/go-randomdata v1.2.0 h1:DZ41wBchNRb/0GfsePLiSwb0PHZmT67XY00lCDlaYPg=
github.com/Pallinder/go-randomdata v1.2.0/go.mod h1:yHmJgulpD2Nfrm0cR9tI/+oAgRqCQQixsA8HyRZfV9Y=
github.com/bitly/go-hostpool v0.0.0-20171023180738-a3a6125de932 h1:mXoPYz/Ul5HYEDvkta6I8/rnYM5gSdSV2tJ6XbZuEtY=
github.com/bitly/go-hostpool v0.0.0-20171023180738-a3a6125de932/go.mod h1:NOuUCSz6Q9T7+igc/hlvDOUdtWKryOrtFyIVABv/p7k=
github.com/bmizerany/assert v0.0.0-20160611221934-b7ed37b82869 h1:DDGfHa7BWjL4YnC6+E63dPcxHo2sUxDIu8g3QgEJdRY=
github.com/bmizerany/assert v0.0.0-20160611221934-b7ed37b82869/go.mod h1:Ekp36dRnpXw/yCqJaO+ZrUyxD+3VXMFFr56k5XYrpB4=
github.com/buger/jsonparser v1.0.1-0.20200528031959-277c1bf2e485 h1:O8NJkPDZcAnNBobvCLndiH+AcBdulelT9ikmDU7rQ/4=
github.com/buger/jsonparser v1.0.1-0.20200528031959-277c1bf2e485/go.mod h1:tgcrVJ81GPSF0mz+0nu1Xaz0fazGPrmmJfJtxjbHhUQ=
github.com/coreos/go-systemd v0.0.0-20190321100706-95778dfbb74e/go.mod h1:F5haX7vjVVG0kc13fIWeqUViNPyEJxv/OmvnBo0Yme4=
github.com/davecgh/go-spew v1.1.0/go.mod h1:J7Y8YcW2NihsgmVo/mv3lAwl/skON4iLHjSsI+c5H38=
github.com/davecgh/go-spew v1.1.1 h1:vj9j/u1bqnvCEfJOwUhtlOARqs3+rkHYY13jYWTU97c=
github.com/davecgh/go-spew v1.1.1/go.mod h1:J7Y8YcW2NihsgmVo/mv3lAwl/skON4iLHjSsI+c5H38=
github.com/gocql/gocql v0.0.0-20200519160334-799061058e31/go.mod h1:DL0ekTmBSTdlNF25Orwt/JMzqIq3EJ4MVa/J/uK64OY=
github.com/gocql/gocql v0.0.0-20200926162733-393f0c961220 h1:DB3GK3phAfPOGG0jh7OmiRi5tsiUeArK9UKBQ+zc4ks=
github.com/gocql/gocql v0.0.0-20200926162733-393f0c961220/go.mod h1:DL0ekTmBSTdlNF25Orwt/JMzqIq3EJ4MVa/J/uK64OY=
github.com/golang/snappy v0.0.0-20170215233205-553a64147049/go.mod h1:/XxbfmMg8lxefKM7IXC3fBNl/7bRcc72aCRzEWrmP2Q=
github.com/golang/snappy v0.0.1 h1:Qgr9rKW7uDUkrbSmQeiDsGa8SjGyCOGtuasMWwvp2P4=
github.com/golang/snappy v0.0.1/go.mod h1:/XxbfmMg8lxefKM7IXC3fBNl/7bRcc72aCRzEWrmP2Q=
github.com/golang/snappy v0.0.2 h1:aeE13tS0IiQgFjYdoL8qN3K1N2bXXtI6Vi51/y7BpMw=
github.com/golang/snappy v0.0.2/go.mod h1:/XxbfmMg8lxefKM7IXC3fBNl/7bRcc72aCRzEWrmP2Q=
github.com/google/gofuzz v1.0.0/go.mod h1:dBl0BpW6vV/+mYPU4Po3pmUjxk6FQPldtuIdl/M65Eg=
github.com/google/uuid v1.0.0/go.mod h1:TIyPZe4MgqvfeYDBFedMoGGpEw/LqOeaOT+nhxU+yHo=
github.com/google/uuid v1.1.2 h1:EVhdT+1Kseyi1/pUmXKaFxYsDNy9RQYkMWRH68J/W7Y=
github.com/google/uuid v1.1.2/go.mod h1:TIyPZe4MgqvfeYDBFedMoGGpEw/LqOeaOT+nhxU+yHo=
github.com/hailocab/go-hostpool v0.0.0-20160125115350-e80d13ce29ed h1:5upAirOpQc1Q53c0bnx2ufif5kANL7bfZWcc6VJWJd8=
github.com/hailocab/go-hostpool v0.0.0-20160125115350-e80d13ce29ed/go.mod h1:tMWxXQ9wFIaZeTI9F+hmhFiGpFmhOHzyShyFUhRm0H4=
github.com/jinzhu/copier v0.0.0-20190924061706-b57f9002281a h1:zPPuIq2jAWWPTrGt70eK/BSch+gFAGrNzecsoENgu2o=
github.com/jinzhu/copier v0.0.0-20190924061706-b57f9002281a/go.mod h1:yL958EeXv8Ylng6IfnvG4oflryUi3vgA3xPs9hmII1s=
github.com/json-iterator/go v1.1.10 h1:Kz6Cvnvv2wGdaG/V8yMvfkmNiXq9Ya2KUv4rouJJr68=
github.com/json-iterator/go v1.1.10/go.mod h1:KdQUCv79m/52Kvf8AW2vK1V8akMuk1QjK/uOdHXbAo4=
github.com/julienschmidt/httprouter v1.2.0/go.mod h1:SYymIcj16QtmaHHD7aYtjjsJG7VTCxuUUipMqKk8s4w=
github.com/julienschmidt/httprouter v1.3.0 h1:U0609e9tgbseu3rBINet9P48AI/D3oJs4dN7jwJOQ1U=
github.com/julienschmidt/httprouter v1.3.0/go.mod h1:JR6WtHb+2LUe8TCKY3cZOxFyyO8IZAc4RVcycCCAKdM=
github.com/kr/pretty v0.1.0 h1:L/CwN0zerZDmRFUapSPitk6f+Q3+0za1rQkzVuMiMFI=
github.com/kr/pretty v0.1.0/go.mod h1:dAy3ld7l9f0ibDNOQOHHMYYIIbhfbHSm3C4ZsoJORNo=
github.com/kr/pty v1.1.1/go.mod h1:pFQYn66WHrOpPYNljwOMqo10TkYh1fy3cYio2l3bCsQ=
github.com/kr/text v0.1.0 h1:45sCR5RtlFHMR4UwH9sdQ5TC8v0qDQCHnXt+kaKSTVE=
github.com/kr/text v0.1.0/go.mod h1:4Jbv+DJW3UT/LiOwJeYQe1efqtUx/iVham/4vfdArNI=
github.com/modern-go/concurrent v0.0.0-20180228061459-e0a39a4cb421/go.mod h1:6dJC0mAP4ikYIbvyc7fijjWJddQyLn8Ig3JB5CqoB9Q=
github.com/modern-go/concurrent v0.0.0-20180306012644-bacd9c7ef1dd h1:TRLaZ9cD/w8PVh93nsPXa1VrQ6jlwL5oN8l14QlcNfg=
github.com/modern-go/concurrent v0.0.0-20180306012644-bacd9c7ef1dd/go.mod h1:6dJC0mAP4ikYIbvyc7fijjWJddQyLn8Ig3JB5CqoB9Q=
github.com/modern-go/reflect2 v0.0.0-20180701023420-4b7aa43c6742 h1:Esafd1046DLDQ0W1YjYsBW+p8U2u7vzgW2SQVmlNazg=
github.com/modern-go/reflect2 v0.0.0-20180701023420-4b7aa43c6742/go.mod h1:bx2lNnkwVCuqBIxFjflWJWanXIb3RllmbCylyMrvgv0=
github.com/modern-go/reflect2 v1.0.1 h1:9f412s+6RmYXLWZSEzVVgPGK7C2PphHj5RJrvfx9AWI=
github.com/modern-go/reflect2 v1.0.1/go.mod h1:bx2lNnkwVCuqBIxFjflWJWanXIb3RllmbCylyMrvgv0=
github.com/pborman/uuid v0.0.0-20180906182336-adf5a7427709/go.mod h1:VyrYX9gd7irzKovcSS6BIIEwPRkP2Wm2m9ufcdFSJ34=
github.com/pborman/uuid v1.2.1 h1:+ZZIw58t/ozdjRaXh/3awHfmWRbzYxJoAdNJxe/3pvw=
github.com/pborman/uuid v1.2.1/go.mod h1:X/NO0urCmaxf9VXbdlT7C2Yzkj2IKimNn4k+gtPdI/k=
github.com/pkg/errors v0.8.1/go.mod h1:bwawxfHBFNV+L2hUp1rHADufV3IMtnDRdf1r5NINEl0=
github.com/pmezard/go-difflib v1.0.0 h1:4DBwDE0NGyQoBHbLQYPwSUPoCMWR5BEzIk/f1lZbAQM=
github.com/pmezard/go-difflib v1.0.0/go.mod h1:iKH77koFhYxTK1pcRnkKkqfTogsbg7gZNVY4sRDYZ/4=
github.com/rs/cors v1.7.0 h1:+88SsELBHx5r+hZ8TCkggzSstaWNbDvThkVK8H6f9ik=
github.com/rs/cors v1.7.0/go.mod h1:gFx+x8UowdsKA9AchylcLynDq+nNFfI8FkUZdN/jGCU=
github.com/rs/xid v1.2.1/go.mod h1:+uKXf+4Djp6Md1KODXJxgGQPKngRmWyn10oCKFzNHOQ=
github.com/rs/zerolog v1.18.0/go.mod h1:9nvC1axdVrAHcu/s9taAVfBuIdTZLVQmKQyvrUjF5+I=
github.com/rs/zerolog v1.20.0 h1:38k9hgtUBdxFwE34yS8rTHmHBa4eN16E4DJlv177LNs=
github.com/rs/zerolog v1.20.0/go.mod h1:IzD0RJ65iWH0w97OQQebJEvTZYvsCUm9WVLWBQrJRjo=
github.com/stretchr/objx v0.1.0/go.mod h1:HFkY916IF+rwdDfMAkV7OtwuqBVzrE8GR6GFx+wExME=
github.com/stretchr/testify v1.3.0/go.mod h1:M5WIy9Dh21IEIfnGCwXGc5bZfKNJtfHm1UVUgZn+9EI=
github.com/stretchr/testify v1.6.1 h1:hDPOHmpOpP40lSULcqw7IrRb/u7w6RpDC9399XyoNd0=
github.com/stretchr/testify v1.6.1/go.mod h1:6Fq8oRcR53rry900zMqJjRRixrwX3KX962/h/Wwjteg=
github.com/uol/funks v1.2.1 h1:Dd1sdr0vH/cogbsB5E4TUD1XZIxoo70KhGWlgAulTW4=
github.com/uol/funks v1.2.1/go.mod h1:ZJgft/KejtLCg85YJ5FG7JaS46p1nuckfy0lqhmQGYM=
github.com/uol/funks v1.3.1 h1:15zaX3v3QC0aWluAYBLWUhykS7phLqjEKH/7PbDOL3Y=
github.com/uol/funks v1.3.1/go.mod h1:Q6MbDrAYWo67lu4dIsGN4e/niIS0ApN+CpI2gawqTB0=
github.com/uol/go-solr v0.11.0 h1:JvrEdTyNJ2Cnqklid05QuQ4Hy3Uyu1SrApgLf2S8Zb0=
github.com/uol/go-solr v0.11.0/go.mod h1:L93VQdeo4NgBYj4HMrOCzwUjhzm/4zZT3dfVj9FG4r0=
github.com/uol/gobol v1.36.0 h1:7DIFVL3e824z31Ih7LOpc1FH6jrPO0oVquvbNGdA/Cg=
github.com/uol/gobol v1.36.0/go.mod h1:QyvTFjXsMPTeS/HagWA1GG60kYQ96uk2kUelLFiiWrY=
github.com/uol/gofiles v1.0.0/go.mod h1:lo/QxjHU+jcraOnmaIItaEgnXwyvbSigGXB3I0KsZo8=
github.com/uol/gotest v1.3.1 h1:5+x6YSYfBzaN/9qDKd2Y7OKaQ7vmvO0m36dtj8ohfto=
github.com/uol/gotest v1.3.1/go.mod h1:6b63TSHZJ+0djdNqOghCK01KZqkHtR/n/sRPwjlfBXA=
github.com/uol/gotest v1.4.0/go.mod h1:Ov2Y33vT8KRGUTSKucSEwQ5gxfqvRi+pDBlLPakbccQ=
github.com/uol/gotest v1.8.2 h1:od848fJ9ut35OoTUN0IySJY2TUKadbi+u5hOjqpJRyY=
github.com/uol/gotest v1.8.2/go.mod h1:B/Pxxpnxhze99Uqabx2ccR8zOE8R4zB2YSXhmSNt0zk=
github.com/uol/hashing v1.0.1 h1:owFcg2matHao+j1f7CWEjnYzTCw+6JVn6hjtNwSFFBo=
github.com/uol/hashing v1.0.1/go.mod h1:4+TnUnP2dDXjfJ6KGi7bggrZlLlmMtDmoMgIxm7QK/U=
github.com/uol/logh v1.0.1 h1:a+rSXSQSedk5E6wuV4t0JhnHEjUOzWCWf8jiqomaYRI=
github.com/uol/logh v1.0.1/go.mod h1:wz7/bpF5xgShTmQVL7WHVT6OtGzoyR+75vtGs6sUSNg=
github.com/uol/restrictedhttpclient v1.0.0 h1:vRhSsYCe7c2R0zQCXHxrRakeSF+qDif1DIpW+PuIXrQ=
github.com/uol/restrictedhttpclient v1.0.0/go.mod h1:0Zv6AjhqpU7KYz7NlT+TP4LZ3IGT+Sw8X0BfIhRuHJc=
github.com/uol/scheduler v1.0.0 h1:S0rDH44sWTEJzK6OyvQOAkhgAglYnjCDBOHJCr9/EvQ=
github.com/uol/scheduler v1.0.0/go.mod h1:SThVqe0k9C0j8W3U9JH5pAUPlk3IxpJsx5EIeSGAc00=
github.com/uol/scheduler v1.1.0 h1:amxi/yizuSueNOyt0ixG08r8HSkkT4i8Af37u/IzpbM=
github.com/uol/scheduler v1.1.0/go.mod h1:erpJ11KpGlosJxbwf2ctlTt692YGM9Fad8jMTEal5YM=
github.com/uol/serializer v1.3.0/go.mod h1:e33/QT4oocV+ODfTelycieS+1oy2rOzTPMtTTkRRXpo=
github.com/uol/serializer v1.3.2 h1:cOYjojBxoNViyiTngeNlXcsg21s/t7InM6L1atbGmSY=
github.com/uol/serializer v1.3.2/go.mod h1:JGS7hOzIo5b675yD2Ir2XDKYbjaxqFNsjec/NQ/1xwI=
github.com/uol/timeline v1.9.1 h1:vIfioDbh6m3CmZ3DoUSw+gvQNQhktqMy8HqUouOIcdk=
github.com/uol/timeline v1.9.1/go.mod h1:OyUgLBEuEQvlvxpqMkZoLA+ZOl42j8jeCd7ly/s0m6M=
github.com/uol/timeline v1.9.3 h1:5FXh4A+3S4xnwiKGyza5cOzu/T69CfXL85KfZiTHkLA=
github.com/uol/timeline v1.9.3/go.mod h1:QVI+9p6HaAfneKYexY2RCwhgZCbMbSCJe7TcYVmgxfs=
github.com/uol/timelinemanager v1.7.0 h1:PrTNAC53NwfXDn1s6Bh9PCfsViLFeOTGkkam8buC3aA=
github.com/uol/timelinemanager v1.7.0/go.mod h1:J+2bYVc6yCIQB8KQptFbwV34YpKItMmlLbbKF8jg5FU=
github.com/uol/timelinemanager v1.7.1 h1:gWL7kjbsm5oAWsfvtrihPUUkmDZKRY4JbdyahINq0a0=
github.com/uol/timelinemanager v1.7.1/go.mod h1:J+2bYVc6yCIQB8KQptFbwV34YpKItMmlLbbKF8jg5FU=
github.com/uol/timelinemanager v1.7.2 h1:k5/W5ngF83l4VPORB94JcYAkBWhenj4XWKeuvmPJTXQ=
github.com/uol/timelinemanager v1.7.2/go.mod h1:lcLd6t0FWuD4bOFAF4ZIQa+bNEJdVVTRgW/QE/NDAW4=
github.com/uol/zencached v1.3.2 h1:LIKUAIp8C4jYyuKrnSquRhZFMuHo4IeW0k1bNwBoRV0=
github.com/uol/zencached v1.3.2/go.mod h1:YMSM3Q7QOaSpBfZ8k4//i/RX6xrhRmKeQGTzSK05Wns=
github.com/vanng822/go-solr v0.10.0/go.mod h1:FSglzTPzoNVKTXP+SqEQiiz284cKzcKpeRXmwPa81wc=
github.com/zenazn/goji v0.9.0/go.mod h1:7S9M489iMyHBNxwZnk9/EHS098H4/F6TATF2mIxtB1Q=
golang.org/x/crypto v0.0.0-20190308221718-c2843e01d9a2/go.mod h1:djNgcEr1/C05ACkg1iLfiJU5Ep61QUkGW8qpdssI0+w=
golang.org/x/crypto v0.0.0-20200930160638-afb6bcd081ae/go.mod h1:LzIPMQfyMNhhGPhUkYOs5KpL4U8rLKemX1yGLhDgUto=
golang.org/x/crypto v0.0.0-20201002170205-7f63de1d35b0 h1:hb9wdF1z5waM+dSIICn1l0DkLVDT3hqhhQsDNUmHPRE=
golang.org/x/crypto v0.0.0-20201002170205-7f63de1d35b0/go.mod h1:LzIPMQfyMNhhGPhUkYOs5KpL4U8rLKemX1yGLhDgUto=
golang.org/x/net v0.0.0-20190404232315-eb5bcb51f2a3/go.mod h1:t9HGtf8HONx5eT2rtn7q6eTqICYqUVnKs3thJo3Qplg=
golang.org/x/net v0.0.0-20190620200207-3b0461eec859/go.mod h1:z5CRVTTTmAJ677TzLLGU+0bjPO0LkuOLi4/5GtJWs/s=
golang.org/x/sync v0.0.0-20190423024810-112230192c58/go.mod h1:RxMgew5VJxzue5/jJTE5uejpjVlOe/izrB70Jof72aM=
golang.org/x/sys v0.0.0-20190215142949-d0b11bdaac8a/go.mod h1:STP8DvDyc/dI5b8T5hshtkjS+E42TnysNCUPdjciGhY=
golang.org/x/sys v0.0.0-20190412213103-97732733099d/go.mod h1:h1NjWce9XRLGQEsW7wpKNCjG9DtNlClVuFLEZdDNbEs=
golang.org/x/sys v0.0.0-20200929083018-4d22bbb62b3c/go.mod h1:h1NjWce9XRLGQEsW7wpKNCjG9DtNlClVuFLEZdDNbEs=
golang.org/x/sys v0.0.0-20201005172224-997123666555 h1:fihtqzYxy4E31W1yUlyRGveTZT1JIP0bmKaDZ2ceKAw=
golang.org/x/sys v0.0.0-20201005172224-997123666555/go.mod h1:h1NjWce9XRLGQEsW7wpKNCjG9DtNlClVuFLEZdDNbEs=
golang.org/x/sys v0.0.0-20201006155630-ac719f4daadf h1:Bg47KQy0JhTHuf4sLiQwTMKwUMfSDwgSGatrxGR7nLM=
golang.org/x/sys v0.0.0-20201006155630-ac719f4daadf/go.mod h1:h1NjWce9XRLGQEsW7wpKNCjG9DtNlClVuFLEZdDNbEs=
golang.org/x/sys v0.0.0-20201007165808-a893ed343c85 h1:v7tXcN5Dmvk08x9LWujjDQbk/26sd3IqhKa1NfaKmpM=
golang.org/x/sys v0.0.0-20201007165808-a893ed343c85/go.mod h1:h1NjWce9XRLGQEsW7wpKNCjG9DtNlClVuFLEZdDNbEs=
golang.org/x/text v0.3.0/go.mod h1:NqM8EUOU14njkJ3fqMW+pc6Ldnwhi/IjpwHt7yyuwOQ=
golang.org/x/text v0.3.3 h1:cokOdA+Jmi5PJGXLlLllQSgYigAEfHXJAERHVMaCc2k=
golang.org/x/text v0.3.3/go.mod h1:5Zoc/QRtKVWzQhOtBMvqHzDpF6irO9z98xDceosuGiQ=
golang.org/x/tools v0.0.0-20180917221912-90fa682c2a6e/go.mod h1:n7NCudcB/nEzxVGmLbDWY5pfWTLqBcC2KZ6jyYvM4mQ=
golang.org/x/tools v0.0.0-20190828213141-aed303cbaa74/go.mod h1:b+2E5dAYhXwXZwtnZ6UAqBI28+e2cm9otk0dWdXHAEo=
golang.org/x/xerrors v0.0.0-20190717185122-a985d3407aa7/go.mod h1:I/5z698sn9Ka8TeJc9MKroUUfqBBauWjQqLJ2OPfmY0=
gopkg.in/check.v1 v0.0.0-20161208181325-20d25e280405 h1:yhCVgyC4o1eVCa2tZl7eS0r+SDo693bJlVdllGtEeKM=
gopkg.in/check.v1 v0.0.0-20161208181325-20d25e280405/go.mod h1:Co6ibVJAznAaIkqp8huTwlJQCZ016jof/cbN4VW5Yz0=
gopkg.in/inf.v0 v0.9.1 h1:73M5CoZyi3ZLMOyDlQh031Cx6N9NDJ2Vvfl76EDAgDc=
gopkg.in/inf.v0 v0.9.1/go.mod h1:cWUDdTG/fYaXco+Dcufb5Vnc6Gp2YChqWtbxRZE0mXw=
gopkg.in/yaml.v2 v2.3.0 h1:clyUAQHOM3G0M3f5vQj7LuJrETvjVot3Z5el9nffUtU=
gopkg.in/yaml.v2 v2.3.0/go.mod h1:hI93XBmqTisBFMUTm0b8Fm+jr3Dg1NNxqwp+5A1VGuI=
gopkg.in/yaml.v3 v3.0.0-20200313102051-9f266ea9e77c h1:dUUwHk2QECo/6vqA44rthZ8ie2QXMNeKRTHCNY2nXvo=
gopkg.in/yaml.v3 v3.0.0-20200313102051-9f266ea9e77c/go.mod h1:K4uyk7z7BCEPqu6E+C64Yfv1cQ7kz7rIZviUmN+EgEM=
gopkg.in/yaml.v3 v3.0.0-20200615113413-eeeca48fe776 h1:tQIYjPdBoyREyB9XMu+nnTclpTYkz2zFM+lzLJFO4gQ=
gopkg.in/yaml.v3 v3.0.0-20200615113413-eeeca48fe776/go.mod h1:K4uyk7z7BCEPqu6E+C64Yfv1cQ7kz7rIZviUmN+EgEM=
