hash: bdc20c000be2fa624a9805bfe6f933b1046be3e97e2e51450981fecf91107b28
updated: 2020-06-05T23:33:06.977032258-03:00
imports:
- name: github.com/buger/jsonparser
  version: 277c1bf2e48572ec19c6cfcb19a8f63639080a21
- name: github.com/BurntSushi/toml
  version: 3012a1dbe2e4bd1391d42b32f0577cb7bbc7f005
- name: github.com/gocql/gocql
  version: cd04bd7f22a72810d9eccd3ea334d898bf098576
- name: github.com/golang/snappy
  version: 2a8bb927dd31d8daada140a5d09578521ce5c36a
- name: github.com/google/uuid
  version: 0cd6bf5da1e1c83f8b45653022c74f71af0538a4
- name: github.com/hailocab/go-hostpool
  version: e80d13ce29ede4452c43dea11e79b9bc8a15b478
- name: github.com/json-iterator/go
  version: acfec88f7a0d5140ace3dcdbee10184e3684a9e1
- name: github.com/julienschmidt/httprouter
  version: 348b672cd90d8190f8240323e372ecd1e66b59dc
- name: github.com/pborman/uuid
  version: 8b1b92947f46224e3b97bb1a3a5b0382be00d31e
- name: github.com/rs/cors
  version: 9a47f48565a795472d43519dd49aac781f3034fb
- name: github.com/rs/zerolog
  version: f1dd50b8c64d79be1392edf1d8fda5cedea4916d
- name: github.com/uol/funks
  version: f269ed14e2d4a926c50b15abc1b8280691a72142
- name: github.com/uol/go-solr
  version: 88954f7f66307d572c5fc59d6ba31d19a0ca9888
- name: github.com/uol/gobol
  version: 07eb0aa6d8b102a887a6566108f5cbdf72eeee7a
  subpackages:
  - cassandra
  - loader
  - rip
  - solar
- name: github.com/uol/hashing
  version: bae62b4944ba36da28087e8b0b54e6d5bddcf18e
- name: github.com/uol/logh
  version: 04611a676395e92babe6a4e3f5d0aa517ec0b0d5
- name: github.com/uol/serializer
  version: 649f67091e95c9b4dd4080d902b0cf76f8efb295
- name: github.com/uol/timeline
  version: 4a2e50ebf4afb70cb2432a5ee77761e9954901d4
- name: github.com/uol/timelinemanager
  version: 44770e23b0da8c76c444e2338e0d08bc974e3ee0
- name: github.com/uol/zencached
  version: d18f0dfa196e584cf82e52297f619987cf9dc4e8
- name: golang.org/x/crypto
  version: 78000ba7a073cafc0278790f6bce552a0f25850e
  subpackages:
  - sha3
- name: golang.org/x/net
  version: 0ba52f642ac2f9371a88bfdde41f4b4e195a37c0
  subpackages:
  - context
- name: golang.org/x/sys
  version: 5c8b2ff67527cb88b770f693cebf3799036d8bc0
  subpackages:
  - cpu
- name: gopkg.in/inf.v0
  version: d2d2541c53f18d2a059457998ce2876cc8e67cbf
testImports:
- name: github.com/stretchr/testify
  version: f35b8ab0b5a2cef36673838d662e249dd9c94686
  subpackages:
  - assert
